{
  "version": 4,
  "terraform_version": "1.9.7",
  "serial": 132,
  "lineage": "71f68b7d-8153-bb5f-b76c-0d51b3f9c308",
  "outputs": {
    "jenkins_master_public_ip": {
      "value": "3.236.42.106",
      "type": "string"
    },
    "jenkins_worker_id": {
      "value": "i-02f63c0b7047cade9",
      "type": "string"
    },
    "private_key_path": {
      "value": "~/.ssh/my_generated_key.pem",
      "type": "string"
    },
    "s3_bucket_name": {
      "value": "unique-step-project3",
      "type": "string"
    }
  },
  "resources": [
    {
      "mode": "managed",
      "type": "aws_eip",
      "name": "nat",
      "provider": "provider[\"registry.terraform.io/hashicorp/aws\"]",
      "instances": [
        {
          "schema_version": 0,
          "attributes": {
            "address": null,
            "allocation_id": "eipalloc-0f630b9028da8028c",
            "arn": "arn:aws:ec2:us-east-1:314146331566:elastic-ip/eipalloc-0f630b9028da8028c",
            "associate_with_private_ip": null,
            "association_id": "",
            "carrier_ip": "",
            "customer_owned_ip": "",
            "customer_owned_ipv4_pool": "",
            "domain": "vpc",
            "id": "eipalloc-0f630b9028da8028c",
            "instance": "",
            "network_border_group": "us-east-1",
            "network_interface": "",
            "private_dns": null,
            "private_ip": "",
            "ptr_record": "",
            "public_dns": "ec2-54-80-123-114.compute-1.amazonaws.com",
            "public_ip": "54.80.123.114",
            "public_ipv4_pool": "amazon",
            "tags": null,
            "tags_all": {},
            "timeouts": null,
            "vpc": true
          },
          "sensitive_attributes": [],
          "private": "eyJlMmJmYjczMC1lY2FhLTExZTYtOGY4OC0zNDM2M2JjN2M0YzAiOnsiZGVsZXRlIjoxODAwMDAwMDAwMDAsInJlYWQiOjkwMDAwMDAwMDAwMCwidXBkYXRlIjozMDAwMDAwMDAwMDB9fQ=="
        }
      ]
    },
    {
      "mode": "managed",
      "type": "aws_instance",
      "name": "jenkins_master",
      "provider": "provider[\"registry.terraform.io/hashicorp/aws\"]",
      "instances": [
        {
          "schema_version": 1,
          "attributes": {
            "ami": "ami-00c853ec5054ef23f",
            "arn": "arn:aws:ec2:us-east-1:314146331566:instance/i-0de3cb1b0e42c0d1c",
            "associate_public_ip_address": true,
            "availability_zone": "us-east-1a",
            "capacity_reservation_specification": [
              {
                "capacity_reservation_preference": "open",
                "capacity_reservation_target": []
              }
            ],
            "cpu_core_count": 1,
            "cpu_options": [
              {
                "amd_sev_snp": "",
                "core_count": 1,
                "threads_per_core": 1
              }
            ],
            "cpu_threads_per_core": 1,
            "credit_specification": [
              {
                "cpu_credits": "standard"
              }
            ],
            "disable_api_stop": false,
            "disable_api_termination": false,
            "ebs_block_device": [],
            "ebs_optimized": false,
            "enclave_options": [
              {
                "enabled": false
              }
            ],
            "ephemeral_block_device": [],
            "get_password_data": false,
            "hibernation": false,
            "host_id": "",
            "host_resource_group_arn": null,
            "iam_instance_profile": "",
            "id": "i-0de3cb1b0e42c0d1c",
            "instance_initiated_shutdown_behavior": "stop",
            "instance_lifecycle": "",
            "instance_market_options": [],
            "instance_state": "running",
            "instance_type": "t2.micro",
            "ipv6_address_count": 0,
            "ipv6_addresses": [],
            "key_name": "my_generated_key",
            "launch_template": [],
            "maintenance_options": [
              {
                "auto_recovery": "default"
              }
            ],
            "metadata_options": [
              {
                "http_endpoint": "enabled",
                "http_protocol_ipv6": "disabled",
                "http_put_response_hop_limit": 1,
                "http_tokens": "optional",
                "instance_metadata_tags": "disabled"
              }
            ],
            "monitoring": false,
            "network_interface": [],
            "outpost_arn": "",
            "password_data": "",
            "placement_group": "",
            "placement_partition_number": 0,
            "primary_network_interface_id": "eni-00e724e05478342b1",
            "private_dns": "ip-10-0-1-25.ec2.internal",
            "private_dns_name_options": [
              {
                "enable_resource_name_dns_a_record": false,
                "enable_resource_name_dns_aaaa_record": false,
                "hostname_type": "ip-name"
              }
            ],
            "private_ip": "10.0.1.25",
            "public_dns": "",
            "public_ip": "3.236.42.106",
            "root_block_device": [
              {
                "delete_on_termination": true,
                "device_name": "/dev/sda1",
                "encrypted": false,
                "iops": 3000,
                "kms_key_id": "",
                "tags": {},
                "tags_all": {},
                "throughput": 125,
                "volume_id": "vol-007133a2b6ab3d9f4",
                "volume_size": 40,
                "volume_type": "gp3"
              }
            ],
            "secondary_private_ips": [],
            "security_groups": [],
            "source_dest_check": true,
            "spot_instance_request_id": "",
            "subnet_id": "subnet-0e0d00537366c050c",
            "tags": {
              "Name": "Jenkins Master"
            },
            "tags_all": {
              "Name": "Jenkins Master"
            },
            "tenancy": "default",
            "timeouts": null,
            "user_data": "2efb1ac7c78349ce6f760a5fe17a457a2c45bb24",
            "user_data_base64": null,
            "user_data_replace_on_change": false,
            "volume_tags": null,
            "vpc_security_group_ids": [
              "sg-07f343ea7043d43b2"
            ]
          },
          "sensitive_attributes": [],
          "private": "eyJlMmJmYjczMC1lY2FhLTExZTYtOGY4OC0zNDM2M2JjN2M0YzAiOnsiY3JlYXRlIjo2MDAwMDAwMDAwMDAsImRlbGV0ZSI6MTIwMDAwMDAwMDAwMCwicmVhZCI6OTAwMDAwMDAwMDAwLCJ1cGRhdGUiOjYwMDAwMDAwMDAwMH0sInNjaGVtYV92ZXJzaW9uIjoiMSJ9",
          "dependencies": [
            "aws_key_pair.generated_key",
            "aws_security_group.jenkins_sg",
            "aws_subnet.public",
            "aws_vpc.main"
          ]
        }
      ]
    },
    {
      "mode": "managed",
      "type": "aws_instance",
      "name": "jenkins_worker",
      "provider": "provider[\"registry.terraform.io/hashicorp/aws\"]",
      "instances": [
        {
          "schema_version": 1,
          "attributes": {
            "ami": "ami-00c853ec5054ef23f",
            "arn": "arn:aws:ec2:us-east-1:314146331566:instance/i-02f63c0b7047cade9",
            "associate_public_ip_address": false,
            "availability_zone": "us-east-1a",
            "capacity_reservation_specification": [
              {
                "capacity_reservation_preference": "open",
                "capacity_reservation_target": []
              }
            ],
            "cpu_core_count": 1,
            "cpu_options": [
              {
                "amd_sev_snp": "",
                "core_count": 1,
                "threads_per_core": 1
              }
            ],
            "cpu_threads_per_core": 1,
            "credit_specification": [
              {
                "cpu_credits": "standard"
              }
            ],
            "disable_api_stop": false,
            "disable_api_termination": false,
            "ebs_block_device": [],
            "ebs_optimized": false,
            "enclave_options": [
              {
                "enabled": false
              }
            ],
            "ephemeral_block_device": [],
            "get_password_data": false,
            "hibernation": false,
            "host_id": "",
            "host_resource_group_arn": null,
            "iam_instance_profile": "",
            "id": "i-02f63c0b7047cade9",
            "instance_initiated_shutdown_behavior": "stop",
            "instance_lifecycle": "",
            "instance_market_options": [],
            "instance_state": "running",
            "instance_type": "t2.micro",
            "ipv6_address_count": 0,
            "ipv6_addresses": [],
            "key_name": "my_generated_key",
            "launch_template": [],
            "maintenance_options": [
              {
                "auto_recovery": "default"
              }
            ],
            "metadata_options": [
              {
                "http_endpoint": "enabled",
                "http_protocol_ipv6": "disabled",
                "http_put_response_hop_limit": 1,
                "http_tokens": "optional",
                "instance_metadata_tags": "disabled"
              }
            ],
            "monitoring": false,
            "network_interface": [],
            "outpost_arn": "",
            "password_data": "",
            "placement_group": "",
            "placement_partition_number": 0,
            "primary_network_interface_id": "eni-0eacc7f822cd11140",
            "private_dns": "ip-10-0-2-183.ec2.internal",
            "private_dns_name_options": [
              {
                "enable_resource_name_dns_a_record": false,
                "enable_resource_name_dns_aaaa_record": false,
                "hostname_type": "ip-name"
              }
            ],
            "private_ip": "10.0.2.183",
            "public_dns": "",
            "public_ip": "",
            "root_block_device": [
              {
                "delete_on_termination": true,
                "device_name": "/dev/sda1",
                "encrypted": false,
                "iops": 3000,
                "kms_key_id": "",
                "tags": {},
                "tags_all": {},
                "throughput": 125,
                "volume_id": "vol-055a0b0b66168e4ad",
                "volume_size": 40,
                "volume_type": "gp3"
              }
            ],
            "secondary_private_ips": [],
            "security_groups": [],
            "source_dest_check": true,
            "spot_instance_request_id": "",
            "subnet_id": "subnet-0dbbb8544ba30e758",
            "tags": {
              "Name": "Jenkins Worker"
            },
            "tags_all": {
              "Name": "Jenkins Worker"
            },
            "tenancy": "default",
            "timeouts": null,
            "user_data": "1fe2302ab15defb583c645a484b37e5f99a5b418",
            "user_data_base64": null,
            "user_data_replace_on_change": false,
            "volume_tags": null,
            "vpc_security_group_ids": [
              "sg-07f343ea7043d43b2"
            ]
          },
          "sensitive_attributes": [],
          "private": "eyJlMmJmYjczMC1lY2FhLTExZTYtOGY4OC0zNDM2M2JjN2M0YzAiOnsiY3JlYXRlIjo2MDAwMDAwMDAwMDAsImRlbGV0ZSI6MTIwMDAwMDAwMDAwMCwicmVhZCI6OTAwMDAwMDAwMDAwLCJ1cGRhdGUiOjYwMDAwMDAwMDAwMH0sInNjaGVtYV92ZXJzaW9uIjoiMSJ9",
          "dependencies": [
            "aws_key_pair.generated_key",
            "aws_security_group.jenkins_sg",
            "aws_subnet.private",
            "aws_vpc.main"
          ]
        }
      ]
    },
    {
      "mode": "managed",
      "type": "aws_internet_gateway",
      "name": "main",
      "provider": "provider[\"registry.terraform.io/hashicorp/aws\"]",
      "instances": [
        {
          "schema_version": 0,
          "attributes": {
            "arn": "arn:aws:ec2:us-east-1:314146331566:internet-gateway/igw-0735ccc7405f3961a",
            "id": "igw-0735ccc7405f3961a",
            "owner_id": "314146331566",
            "tags": {
              "Name": "Main Internet Gateway"
            },
            "tags_all": {
              "Name": "Main Internet Gateway"
            },
            "timeouts": null,
            "vpc_id": "vpc-0f3acdae4f4b46526"
          },
          "sensitive_attributes": [],
          "private": "eyJlMmJmYjczMC1lY2FhLTExZTYtOGY4OC0zNDM2M2JjN2M0YzAiOnsiY3JlYXRlIjoxMjAwMDAwMDAwMDAwLCJkZWxldGUiOjEyMDAwMDAwMDAwMDAsInVwZGF0ZSI6MTIwMDAwMDAwMDAwMH19",
          "dependencies": [
            "aws_vpc.main"
          ]
        }
      ]
    },
    {
      "mode": "managed",
      "type": "aws_key_pair",
      "name": "generated_key",
      "provider": "provider[\"registry.terraform.io/hashicorp/aws\"]",
      "instances": [
        {
          "schema_version": 1,
          "attributes": {
            "arn": "arn:aws:ec2:us-east-1:314146331566:key-pair/my_generated_key",
            "fingerprint": "03:3c:27:2a:98:17:f3:1c:7c:20:f0:63:c2:6c:0f:4a",
            "id": "my_generated_key",
            "key_name": "my_generated_key",
            "key_name_prefix": "",
            "key_pair_id": "key-0718542ea7a773297",
            "key_type": "rsa",
            "public_key": "ssh-rsa AAAAB3NzaC1yc2EAAAADAQABAAABAQCjZ4MM93fVSsl1iJF9aI94fiLAapp65RtP6kGFxwaptdQCfD4/6UdD9fkwtAm3KZU/Plf2g98E7hhU5tAhezqiPaZRhzDEVH4NxsMGWDLfG4B+11X+yMogQSWk5ldZhFdmramJiaV5MG4GYqHST/vk/DL+lkXZ0PGsH5ANU1NKbdjCL4PslRpSkE5kkCRcghqO8rIY7dBWh9eNWQAMASb4dQ6ZEar0TDMEIi+2r6L7tc6Cn6NJBnhs4aVZkLSNBD4sxthEVqE2x1dcPeC6Or/SyW0fgUULwk/d0BZGUUHl+qeO6TpYzlADFpmg07YG+vnrFiJ3CRncBU+DCpizBBz/ user@DESKTOP-ITHB1RR",
            "tags": null,
            "tags_all": {}
          },
          "sensitive_attributes": [],
          "private": "eyJzY2hlbWFfdmVyc2lvbiI6IjEifQ=="
        }
      ]
    },
    {
      "mode": "managed",
      "type": "aws_nat_gateway",
      "name": "main",
      "provider": "provider[\"registry.terraform.io/hashicorp/aws\"]",
      "instances": [
        {
          "schema_version": 0,
          "attributes": {
            "allocation_id": "eipalloc-0f630b9028da8028c",
            "association_id": "eipassoc-0e503107ff7775f52",
            "connectivity_type": "public",
            "id": "nat-06f1a26c90962b173",
            "network_interface_id": "eni-094f22c5fb333b75c",
            "private_ip": "10.0.1.48",
            "public_ip": "54.80.123.114",
            "secondary_allocation_ids": null,
            "secondary_private_ip_address_count": 0,
            "secondary_private_ip_addresses": [],
            "subnet_id": "subnet-0e0d00537366c050c",
            "tags": {
              "Name": "Main NAT Gateway"
            },
            "tags_all": {
              "Name": "Main NAT Gateway"
            },
            "timeouts": null
          },
          "sensitive_attributes": [],
          "private": "eyJlMmJmYjczMC1lY2FhLTExZTYtOGY4OC0zNDM2M2JjN2M0YzAiOnsiY3JlYXRlIjo2MDAwMDAwMDAwMDAsImRlbGV0ZSI6MTgwMDAwMDAwMDAwMCwidXBkYXRlIjo2MDAwMDAwMDAwMDB9fQ==",
          "dependencies": [
            "aws_eip.nat",
            "aws_subnet.public",
            "aws_vpc.main"
          ]
        }
      ]
    },
    {
      "mode": "managed",
      "type": "aws_route_table",
      "name": "private",
      "provider": "provider[\"registry.terraform.io/hashicorp/aws\"]",
      "instances": [
        {
          "schema_version": 0,
          "attributes": {
            "arn": "arn:aws:ec2:us-east-1:314146331566:route-table/rtb-0eeafaff4946e3449",
            "id": "rtb-0eeafaff4946e3449",
            "owner_id": "314146331566",
            "propagating_vgws": [],
            "route": [
              {
                "carrier_gateway_id": "",
                "cidr_block": "0.0.0.0/0",
                "core_network_arn": "",
                "destination_prefix_list_id": "",
                "egress_only_gateway_id": "",
                "gateway_id": "",
                "ipv6_cidr_block": "",
                "local_gateway_id": "",
                "nat_gateway_id": "nat-06f1a26c90962b173",
                "network_interface_id": "",
                "transit_gateway_id": "",
                "vpc_endpoint_id": "",
                "vpc_peering_connection_id": ""
              }
            ],
            "tags": {
              "Name": "Private Route Table"
            },
            "tags_all": {
              "Name": "Private Route Table"
            },
            "timeouts": null,
            "vpc_id": "vpc-0f3acdae4f4b46526"
          },
          "sensitive_attributes": [],
          "private": "eyJlMmJmYjczMC1lY2FhLTExZTYtOGY4OC0zNDM2M2JjN2M0YzAiOnsiY3JlYXRlIjozMDAwMDAwMDAwMDAsImRlbGV0ZSI6MzAwMDAwMDAwMDAwLCJ1cGRhdGUiOjEyMDAwMDAwMDAwMH19",
          "dependencies": [
            "aws_eip.nat",
            "aws_nat_gateway.main",
            "aws_subnet.public",
            "aws_vpc.main"
          ]
        }
      ]
    },
    {
      "mode": "managed",
      "type": "aws_route_table",
      "name": "public",
      "provider": "provider[\"registry.terraform.io/hashicorp/aws\"]",
      "instances": [
        {
          "schema_version": 0,
          "attributes": {
            "arn": "arn:aws:ec2:us-east-1:314146331566:route-table/rtb-0eb1a39baa0acb5b9",
            "id": "rtb-0eb1a39baa0acb5b9",
            "owner_id": "314146331566",
            "propagating_vgws": [],
            "route": [
              {
                "carrier_gateway_id": "",
                "cidr_block": "0.0.0.0/0",
                "core_network_arn": "",
                "destination_prefix_list_id": "",
                "egress_only_gateway_id": "",
                "gateway_id": "igw-0735ccc7405f3961a",
                "ipv6_cidr_block": "",
                "local_gateway_id": "",
                "nat_gateway_id": "",
                "network_interface_id": "",
                "transit_gateway_id": "",
                "vpc_endpoint_id": "",
                "vpc_peering_connection_id": ""
              }
            ],
            "tags": {
              "Name": "Public Route Table"
            },
            "tags_all": {
              "Name": "Public Route Table"
            },
            "timeouts": null,
            "vpc_id": "vpc-0f3acdae4f4b46526"
          },
          "sensitive_attributes": [],
          "private": "eyJlMmJmYjczMC1lY2FhLTExZTYtOGY4OC0zNDM2M2JjN2M0YzAiOnsiY3JlYXRlIjozMDAwMDAwMDAwMDAsImRlbGV0ZSI6MzAwMDAwMDAwMDAwLCJ1cGRhdGUiOjEyMDAwMDAwMDAwMH19",
          "dependencies": [
            "aws_internet_gateway.main",
            "aws_vpc.main"
          ]
        }
      ]
    },
    {
      "mode": "managed",
      "type": "aws_route_table_association",
      "name": "private",
      "provider": "provider[\"registry.terraform.io/hashicorp/aws\"]",
      "instances": [
        {
          "schema_version": 0,
          "attributes": {
            "gateway_id": "",
            "id": "rtbassoc-0c1fba8de18a7ab84",
            "route_table_id": "rtb-0eeafaff4946e3449",
            "subnet_id": "subnet-0dbbb8544ba30e758",
            "timeouts": null
          },
          "sensitive_attributes": [],
          "private": "eyJlMmJmYjczMC1lY2FhLTExZTYtOGY4OC0zNDM2M2JjN2M0YzAiOnsiY3JlYXRlIjozMDAwMDAwMDAwMDAsImRlbGV0ZSI6MzAwMDAwMDAwMDAwLCJ1cGRhdGUiOjEyMDAwMDAwMDAwMH19",
          "dependencies": [
            "aws_eip.nat",
            "aws_nat_gateway.main",
            "aws_route_table.private",
            "aws_subnet.private",
            "aws_subnet.public",
            "aws_vpc.main"
          ]
        }
      ]
    },
    {
      "mode": "managed",
      "type": "aws_route_table_association",
      "name": "public",
      "provider": "provider[\"registry.terraform.io/hashicorp/aws\"]",
      "instances": [
        {
          "schema_version": 0,
          "attributes": {
            "gateway_id": "",
            "id": "rtbassoc-062968ac057f0a761",
            "route_table_id": "rtb-0eb1a39baa0acb5b9",
            "subnet_id": "subnet-0e0d00537366c050c",
            "timeouts": null
          },
          "sensitive_attributes": [],
          "private": "eyJlMmJmYjczMC1lY2FhLTExZTYtOGY4OC0zNDM2M2JjN2M0YzAiOnsiY3JlYXRlIjozMDAwMDAwMDAwMDAsImRlbGV0ZSI6MzAwMDAwMDAwMDAwLCJ1cGRhdGUiOjEyMDAwMDAwMDAwMH19",
          "dependencies": [
            "aws_internet_gateway.main",
            "aws_route_table.public",
            "aws_subnet.public",
            "aws_vpc.main"
          ]
        }
      ]
    },
    {
      "mode": "managed",
      "type": "aws_s3_bucket",
      "name": "terraform_state_bucket",
      "provider": "provider[\"registry.terraform.io/hashicorp/aws\"]",
      "instances": [
        {
          "schema_version": 0,
          "attributes": {
            "acceleration_status": "",
            "acl": null,
            "arn": "arn:aws:s3:::unique-step-project3",
            "bucket": "unique-step-project3",
            "bucket_domain_name": "unique-step-project3.s3.amazonaws.com",
            "bucket_prefix": "",
            "bucket_regional_domain_name": "unique-step-project3.s3.us-east-1.amazonaws.com",
            "cors_rule": [],
            "force_destroy": false,
            "grant": [
              {
                "id": "da2fc36e1c94b8320822104f70f9a33d90a7afd1fea939896aba26e4c985b953",
                "permissions": [
                  "FULL_CONTROL"
                ],
                "type": "CanonicalUser",
                "uri": ""
              }
            ],
            "hosted_zone_id": "Z3AQBSTGFYJSTF",
            "id": "unique-step-project3",
            "lifecycle_rule": [],
            "logging": [],
            "object_lock_configuration": [],
            "object_lock_enabled": false,
            "policy": "",
            "region": "us-east-1",
            "replication_configuration": [],
            "request_payer": "BucketOwner",
            "server_side_encryption_configuration": [
              {
                "rule": [
                  {
                    "apply_server_side_encryption_by_default": [
                      {
                        "kms_master_key_id": "",
                        "sse_algorithm": "AES256"
                      }
                    ],
                    "bucket_key_enabled": false
                  }
                ]
              }
            ],
            "tags": {
              "Name": "Terraform State Bucket"
            },
            "tags_all": {
              "Name": "Terraform State Bucket"
            },
            "timeouts": null,
            "versioning": [
              {
                "enabled": false,
                "mfa_delete": false
              }
            ],
            "website": [],
            "website_domain": null,
            "website_endpoint": null
          },
          "sensitive_attributes": [],
          "private": "eyJlMmJmYjczMC1lY2FhLTExZTYtOGY4OC0zNDM2M2JjN2M0YzAiOnsiY3JlYXRlIjoxMjAwMDAwMDAwMDAwLCJkZWxldGUiOjM2MDAwMDAwMDAwMDAsInJlYWQiOjEyMDAwMDAwMDAwMDAsInVwZGF0ZSI6MTIwMDAwMDAwMDAwMH19"
        }
      ]
    },
    {
      "mode": "managed",
      "type": "aws_security_group",
      "name": "jenkins_sg",
      "provider": "provider[\"registry.terraform.io/hashicorp/aws\"]",
      "instances": [
        {
          "schema_version": 1,
          "attributes": {
            "arn": "arn:aws:ec2:us-east-1:314146331566:security-group/sg-07f343ea7043d43b2",
            "description": "Managed by Terraform",
            "egress": [
              {
                "cidr_blocks": [
                  "0.0.0.0/0"
                ],
                "description": "",
                "from_port": 0,
                "ipv6_cidr_blocks": [],
                "prefix_list_ids": [],
                "protocol": "-1",
                "security_groups": [],
                "self": false,
                "to_port": 0
              }
            ],
            "id": "sg-07f343ea7043d43b2",
            "ingress": [
              {
                "cidr_blocks": [
                  "0.0.0.0/0"
                ],
                "description": "",
                "from_port": 22,
                "ipv6_cidr_blocks": [],
                "prefix_list_ids": [],
                "protocol": "tcp",
                "security_groups": [],
                "self": false,
                "to_port": 22
              },
              {
                "cidr_blocks": [
                  "0.0.0.0/0"
                ],
                "description": "",
                "from_port": 8080,
                "ipv6_cidr_blocks": [],
                "prefix_list_ids": [],
                "protocol": "tcp",
                "security_groups": [],
                "self": false,
                "to_port": 8080
              }
            ],
            "name": "terraform-20241009134113603600000001",
            "name_prefix": "terraform-",
            "owner_id": "314146331566",
            "revoke_rules_on_delete": false,
            "tags": {
              "Name": "Jenkins Security Group"
            },
            "tags_all": {
              "Name": "Jenkins Security Group"
            },
            "timeouts": null,
            "vpc_id": "vpc-0f3acdae4f4b46526"
          },
          "sensitive_attributes": [],
          "private": "eyJlMmJmYjczMC1lY2FhLTExZTYtOGY4OC0zNDM2M2JjN2M0YzAiOnsiY3JlYXRlIjo2MDAwMDAwMDAwMDAsImRlbGV0ZSI6OTAwMDAwMDAwMDAwfSwic2NoZW1hX3ZlcnNpb24iOiIxIn0=",
          "dependencies": [
            "aws_vpc.main"
          ]
        }
      ]
    },
    {
      "mode": "managed",
      "type": "aws_subnet",
      "name": "private",
      "provider": "provider[\"registry.terraform.io/hashicorp/aws\"]",
      "instances": [
        {
          "schema_version": 1,
          "attributes": {
            "arn": "arn:aws:ec2:us-east-1:314146331566:subnet/subnet-0dbbb8544ba30e758",
            "assign_ipv6_address_on_creation": false,
            "availability_zone": "us-east-1a",
            "availability_zone_id": "use1-az1",
            "cidr_block": "10.0.2.0/24",
            "customer_owned_ipv4_pool": "",
            "enable_dns64": false,
            "enable_lni_at_device_index": 0,
            "enable_resource_name_dns_a_record_on_launch": false,
            "enable_resource_name_dns_aaaa_record_on_launch": false,
            "id": "subnet-0dbbb8544ba30e758",
            "ipv6_cidr_block": "",
            "ipv6_cidr_block_association_id": "",
            "ipv6_native": false,
            "map_customer_owned_ip_on_launch": false,
            "map_public_ip_on_launch": false,
            "outpost_arn": "",
            "owner_id": "314146331566",
            "private_dns_hostname_type_on_launch": "ip-name",
            "tags": {
              "Name": "Private Subnet"
            },
            "tags_all": {
              "Name": "Private Subnet"
            },
            "timeouts": null,
            "vpc_id": "vpc-0f3acdae4f4b46526"
          },
          "sensitive_attributes": [],
          "private": "eyJlMmJmYjczMC1lY2FhLTExZTYtOGY4OC0zNDM2M2JjN2M0YzAiOnsiY3JlYXRlIjo2MDAwMDAwMDAwMDAsImRlbGV0ZSI6MTIwMDAwMDAwMDAwMH0sInNjaGVtYV92ZXJzaW9uIjoiMSJ9",
          "dependencies": [
            "aws_vpc.main"
          ]
        }
      ]
    },
    {
      "mode": "managed",
      "type": "aws_subnet",
      "name": "public",
      "provider": "provider[\"registry.terraform.io/hashicorp/aws\"]",
      "instances": [
        {
          "schema_version": 1,
          "attributes": {
            "arn": "arn:aws:ec2:us-east-1:314146331566:subnet/subnet-0e0d00537366c050c",
            "assign_ipv6_address_on_creation": false,
            "availability_zone": "us-east-1a",
            "availability_zone_id": "use1-az1",
            "cidr_block": "10.0.1.0/24",
            "customer_owned_ipv4_pool": "",
            "enable_dns64": false,
            "enable_lni_at_device_index": 0,
            "enable_resource_name_dns_a_record_on_launch": false,
            "enable_resource_name_dns_aaaa_record_on_launch": false,
            "id": "subnet-0e0d00537366c050c",
            "ipv6_cidr_block": "",
            "ipv6_cidr_block_association_id": "",
            "ipv6_native": false,
            "map_customer_owned_ip_on_launch": false,
            "map_public_ip_on_launch": true,
            "outpost_arn": "",
            "owner_id": "314146331566",
            "private_dns_hostname_type_on_launch": "ip-name",
            "tags": {
              "Name": "Public Subnet"
            },
            "tags_all": {
              "Name": "Public Subnet"
            },
            "timeouts": null,
            "vpc_id": "vpc-0f3acdae4f4b46526"
          },
          "sensitive_attributes": [],
          "private": "eyJlMmJmYjczMC1lY2FhLTExZTYtOGY4OC0zNDM2M2JjN2M0YzAiOnsiY3JlYXRlIjo2MDAwMDAwMDAwMDAsImRlbGV0ZSI6MTIwMDAwMDAwMDAwMH0sInNjaGVtYV92ZXJzaW9uIjoiMSJ9",
          "dependencies": [
            "aws_vpc.main"
          ]
        }
      ]
    },
    {
      "mode": "managed",
      "type": "aws_vpc",
      "name": "main",
      "provider": "provider[\"registry.terraform.io/hashicorp/aws\"]",
      "instances": [
        {
          "schema_version": 1,
          "attributes": {
            "arn": "arn:aws:ec2:us-east-1:314146331566:vpc/vpc-0f3acdae4f4b46526",
            "assign_generated_ipv6_cidr_block": false,
            "cidr_block": "10.0.0.0/16",
            "default_network_acl_id": "acl-0f37552ab7b67fb59",
            "default_route_table_id": "rtb-00bede8105ae0d3f1",
            "default_security_group_id": "sg-05bb0a03981b6e345",
            "dhcp_options_id": "dopt-02b2ed52c6f611e95",
            "enable_dns_hostnames": false,
            "enable_dns_support": true,
            "enable_network_address_usage_metrics": false,
            "id": "vpc-0f3acdae4f4b46526",
            "instance_tenancy": "default",
            "ipv4_ipam_pool_id": null,
            "ipv4_netmask_length": null,
            "ipv6_association_id": "",
            "ipv6_cidr_block": "",
            "ipv6_cidr_block_network_border_group": "",
            "ipv6_ipam_pool_id": "",
            "ipv6_netmask_length": 0,
            "main_route_table_id": "rtb-00bede8105ae0d3f1",
            "owner_id": "314146331566",
            "tags": {
              "Name": "Main VPC"
            },
            "tags_all": {
              "Name": "Main VPC"
            }
          },
          "sensitive_attributes": [],
          "private": "eyJzY2hlbWFfdmVyc2lvbiI6IjEifQ=="
        }
      ]
    },
    {
      "mode": "managed",
      "type": "tls_private_key",
      "name": "ssh_key",
      "provider": "provider[\"registry.terraform.io/hashicorp/tls\"]",
      "instances": [
        {
          "schema_version": 1,
          "attributes": {
            "algorithm": "RSA",
            "ecdsa_curve": "P224",
            "id": "0ddf4c00a09473af8ebab43f8a14c79762a66cc1",
            "private_key_openssh": "-----BEGIN OPENSSH PRIVATE KEY-----\nb3BlbnNzaC1rZXktdjEAAAAABG5vbmUAAAAEbm9uZQAAAAAAAAABAAABFwAAAAdz\nc2gtcnNhAAAAAwEAAQAAAQEAzwAGYJfWFKew4zXCBRebXq0Pcxr/sZJG8dRRzObq\nJE6pR4COM+0aeEylRpBoU+Ct+7NKAAQtuhi9u38pv4lnDgu1E9HvW4f00U5IUg2A\nFwCbs3903AuhUzWlQlXHfKx735nHpFLRwJTLoGiRr3SwHpS+mglluuSw3z9VMHuy\nqsRQZPWyPFhCDCr/Q0plCDtHfcuSHsU7tgXKbcogpW6XeN6Zw+oqetmFyfg6NzXr\n3zkE7oni7MrsfIeS3nMm6JFt48pawKQS3jEToVoFIqs98OhLfa/yMiEh24UILZIN\n23dXGi88AZQHks+ThjZ6KXYqkvXZ1OaLge6qcWOZw8qzmQAAA7j3DoWM9w6FjAAA\nAAdzc2gtcnNhAAABAQDPAAZgl9YUp7DjNcIFF5terQ9zGv+xkkbx1FHM5uokTqlH\ngI4z7Rp4TKVGkGhT4K37s0oABC26GL27fym/iWcOC7UT0e9bh/TRTkhSDYAXAJuz\nf3TcC6FTNaVCVcd8rHvfmcekUtHAlMugaJGvdLAelL6aCWW65LDfP1Uwe7KqxFBk\n9bI8WEIMKv9DSmUIO0d9y5IexTu2BcptyiClbpd43pnD6ip62YXJ+Do3NevfOQTu\nieLsyux8h5LecybokW3jylrApBLeMROhWgUiqz3w6Et9r/IyISHbhQgtkg3bd1ca\nLzwBlAeSz5OGNnopdiqS9dnU5ouB7qpxY5nDyrOZAAAAAwEAAQAAAQEAzMBQjpEB\n0BKDFGujS5grNf3mz0uAaeuvwxrqAszSAzHPnYtanaBFU4M05FSI7ZbLYbHZW6TG\nelJosiK5b90Ak9MevMkmgpo7niFZxdfWwGn4mRdUxye13nGs0q24keim6ujYogDN\nuzkzJarpl+zLHKSy1/i9qJz3GwwxPrDMbL3UEM+fZMGlarzr8maAJyF9nsxIpD80\nQ9n8uHXBx/zRCiLyvyxvsAeNBlzdyJQ0dHeIFHUv5hO9+ei5+kSmtACmCDBGKVO0\nurqWxUSGtYgWEyqg8yrpL728JjlsY/f+xMnNTQQ1g+gUgmWM9coe5KMNN0Hp9klh\nmXOOU1Yvy9ztFQAAAIEAusX2YB146dotyoEZ5H/Ktylx4Dj4MhtSW9NVQsGvHjhg\ng58vfuQn1EkyNLqGns5mG1b3ZTVSwp2YtOpfjvFP4uob9AbvS/pbWv0L1A8kHzbq\nGDBn6CN/AqBOFXRmnyyTHgsLDu0lxVKWR2mQELjJUqFdUkp/maay1UD8BvzB8w4A\nAACBAPWPx9ADaaNiUMcj6Gzf5HRyXj07zdRfxAUlQsyTiUEpXvyzrH31xXUIEk3u\nU2d7mXiKv9Fqo+gBqr4mKc0KE24GAy4iYkwUL1zat+GuTm9Vv4zFQRCsdX5qW5DF\nsKTiJ8nbkV2YsmP1xUo8cVfsFggYjgywNQKaAsukEkP5xs3XAAAAgQDXzJ1owzel\nTuxWwyhhqbuNC7pDHBAigwzs8TpjIv88Ng74VJlYQpgtoClVXEVe59jK1DcL0hdl\nCWH0kLzhxEXT0p3ejNWFEQmsYekZj9RL3MlPjOEORUzwilTMItAzcNj51GBK2/et\nZ8I+2XARTJFiaKdeeR+u8LkpMATzgwP8DwAAAAAB\n-----END OPENSSH PRIVATE KEY-----\n",
            "private_key_pem": "-----BEGIN RSA PRIVATE KEY-----\nMIIEpgIBAAKCAQEAzwAGYJfWFKew4zXCBRebXq0Pcxr/sZJG8dRRzObqJE6pR4CO\nM+0aeEylRpBoU+Ct+7NKAAQtuhi9u38pv4lnDgu1E9HvW4f00U5IUg2AFwCbs390\n3AuhUzWlQlXHfKx735nHpFLRwJTLoGiRr3SwHpS+mglluuSw3z9VMHuyqsRQZPWy\nPFhCDCr/Q0plCDtHfcuSHsU7tgXKbcogpW6XeN6Zw+oqetmFyfg6NzXr3zkE7oni\n7MrsfIeS3nMm6JFt48pawKQS3jEToVoFIqs98OhLfa/yMiEh24UILZIN23dXGi88\nAZQHks+ThjZ6KXYqkvXZ1OaLge6qcWOZw8qzmQIDAQABAoIBAQDMwFCOkQHQEoMU\na6NLmCs1/ebPS4Bp66/DGuoCzNIDMc+di1qdoEVTgzTkVIjtlsthsdlbpMZ6Umiy\nIrlv3QCT0x68ySaCmjueIVnF19bAafiZF1THJ7XecazSrbiR6Kbq6NiiAM27OTMl\nqumX7MscpLLX+L2onPcbDDE+sMxsvdQQz59kwaVqvOvyZoAnIX2ezEikPzRD2fy4\ndcHH/NEKIvK/LG+wB40GXN3IlDR0d4gUdS/mE7356Ln6RKa0AKYIMEYpU7S6upbF\nRIa1iBYTKqDzKukvvbwmOWxj9/7Eyc1NBDWD6BSCZYz1yh7kow03Qen2SWGZc45T\nVi/L3O0VAoGBAPWPx9ADaaNiUMcj6Gzf5HRyXj07zdRfxAUlQsyTiUEpXvyzrH31\nxXUIEk3uU2d7mXiKv9Fqo+gBqr4mKc0KE24GAy4iYkwUL1zat+GuTm9Vv4zFQRCs\ndX5qW5DFsKTiJ8nbkV2YsmP1xUo8cVfsFggYjgywNQKaAsukEkP5xs3XAoGBANfM\nnWjDN6VO7FbDKGGpu40LukMcECKDDOzxOmMi/zw2DvhUmVhCmC2gKVVcRV7n2MrU\nNwvSF2UJYfSQvOHERdPSnd6M1YURCaxh6RmP1EvcyU+M4Q5FTPCKVMwi0DNw2PnU\nYErb961nwj7ZcBFMkWJop155H67wuSkwBPODA/wPAoGBAM64mqpXpR+hDYWHigvV\ns5oACauc49rMP9VhF8nmzd4oOMmdbDGhq/eostgeMOJl373leDOQhakzdgybTgdJ\nWy/9KcI1ufB38aNGkRQQzADX++hCylKCDGs+mBTZB6rWpE4/ZDGZ8VtLNCoZlgVB\nPw7TtQmjcQzeoEnUtne5Fw6DAoGBANKi3U5hplILvDJf4W2af/+HX/KbVMBrDFXG\njAgyI9HArlIEOX1l2yZFu7KfEvM0+G3aQDSgh8dOJjfSgxsXOlUssn2FF/D/lWKW\nWzFhK4Y05qZoS1Bjolrzmxt6K6DaWF9axfaryJCQw5AXKwUnqIzWu+9B6QQX4ZPr\nVBngWyZPAoGBALrF9mAdeOnaLcqBGeR/yrcpceA4+DIbUlvTVULBrx44YIOfL37k\nJ9RJMjS6hp7OZhtW92U1UsKdmLTqX47xT+LqG/QG70v6W1r9C9QPJB826hgwZ+gj\nfwKgThV0Zp8skx4LCw7tJcVSlkdpkBC4yVKhXVJKf5mmstVA/Ab8wfMO\n-----END RSA PRIVATE KEY-----\n",
            "private_key_pem_pkcs8": "-----BEGIN PRIVATE KEY-----\nMIIEwAIBADANBgkqhkiG9w0BAQEFAASCBKowggSmAgEAAoIBAQDPAAZgl9YUp7Dj\nNcIFF5terQ9zGv+xkkbx1FHM5uokTqlHgI4z7Rp4TKVGkGhT4K37s0oABC26GL27\nfym/iWcOC7UT0e9bh/TRTkhSDYAXAJuzf3TcC6FTNaVCVcd8rHvfmcekUtHAlMug\naJGvdLAelL6aCWW65LDfP1Uwe7KqxFBk9bI8WEIMKv9DSmUIO0d9y5IexTu2Bcpt\nyiClbpd43pnD6ip62YXJ+Do3NevfOQTuieLsyux8h5LecybokW3jylrApBLeMROh\nWgUiqz3w6Et9r/IyISHbhQgtkg3bd1caLzwBlAeSz5OGNnopdiqS9dnU5ouB7qpx\nY5nDyrOZAgMBAAECggEBAMzAUI6RAdASgxRro0uYKzX95s9LgGnrr8Ma6gLM0gMx\nz52LWp2gRVODNORUiO2Wy2Gx2VukxnpSaLIiuW/dAJPTHrzJJoKaO54hWcXX1sBp\n+JkXVMcntd5xrNKtuJHopuro2KIAzbs5MyWq6Zfsyxykstf4vaic9xsMMT6wzGy9\n1BDPn2TBpWq86/JmgCchfZ7MSKQ/NEPZ/Lh1wcf80Qoi8r8sb7AHjQZc3ciUNHR3\niBR1L+YTvfnoufpEprQApggwRilTtLq6lsVEhrWIFhMqoPMq6S+9vCY5bGP3/sTJ\nzU0ENYPoFIJljPXKHuSjDTdB6fZJYZlzjlNWL8vc7RUCgYEA9Y/H0ANpo2JQxyPo\nbN/kdHJePTvN1F/EBSVCzJOJQSle/LOsffXFdQgSTe5TZ3uZeIq/0Wqj6AGqviYp\nzQoTbgYDLiJiTBQvXNq34a5Ob1W/jMVBEKx1fmpbkMWwpOInyduRXZiyY/XFSjxx\nV+wWCBiODLA1ApoCy6QSQ/nGzdcCgYEA18ydaMM3pU7sVsMoYam7jQu6QxwQIoMM\n7PE6YyL/PDYO+FSZWEKYLaApVVxFXufYytQ3C9IXZQlh9JC84cRF09Kd3ozVhREJ\nrGHpGY/US9zJT4zhDkVM8IpUzCLQM3DY+dRgStv3rWfCPtlwEUyRYminXnkfrvC5\nKTAE84MD/A8CgYEAzriaqlelH6ENhYeKC9WzmgAJq5zj2sw/1WEXyebN3ig4yZ1s\nMaGr96iy2B4w4mXfveV4M5CFqTN2DJtOB0lbL/0pwjW58Hfxo0aRFBDMANf76ELK\nUoIMaz6YFNkHqtakTj9kMZnxW0s0KhmWBUE/DtO1CaNxDN6gSdS2d7kXDoMCgYEA\n0qLdTmGmUgu8Ml/hbZp//4df8ptUwGsMVcaMCDIj0cCuUgQ5fWXbJkW7sp8S8zT4\nbdpANKCHx04mN9KDGxc6VSyyfYUX8P+VYpZbMWErhjTmpmhLUGOiWvObG3oroNpY\nX1rF9qvIkJDDkBcrBSeojNa770HpBBfhk+tUGeBbJk8CgYEAusX2YB146dotyoEZ\n5H/Ktylx4Dj4MhtSW9NVQsGvHjhgg58vfuQn1EkyNLqGns5mG1b3ZTVSwp2YtOpf\njvFP4uob9AbvS/pbWv0L1A8kHzbqGDBn6CN/AqBOFXRmnyyTHgsLDu0lxVKWR2mQ\nELjJUqFdUkp/maay1UD8BvzB8w4=\n-----END PRIVATE KEY-----\n",
            "public_key_fingerprint_md5": "25:ba:1e:c0:1f:1c:ef:b6:f2:fd:9b:a3:a3:08:53:cd",
            "public_key_fingerprint_sha256": "SHA256:Ih26FAuKtLqF3AiTSq67vOo6SeJtHBDCIfaZkbD1KZg",
            "public_key_openssh": "ssh-rsa AAAAB3NzaC1yc2EAAAADAQABAAABAQDPAAZgl9YUp7DjNcIFF5terQ9zGv+xkkbx1FHM5uokTqlHgI4z7Rp4TKVGkGhT4K37s0oABC26GL27fym/iWcOC7UT0e9bh/TRTkhSDYAXAJuzf3TcC6FTNaVCVcd8rHvfmcekUtHAlMugaJGvdLAelL6aCWW65LDfP1Uwe7KqxFBk9bI8WEIMKv9DSmUIO0d9y5IexTu2BcptyiClbpd43pnD6ip62YXJ+Do3NevfOQTuieLsyux8h5LecybokW3jylrApBLeMROhWgUiqz3w6Et9r/IyISHbhQgtkg3bd1caLzwBlAeSz5OGNnopdiqS9dnU5ouB7qpxY5nDyrOZ\n",
            "public_key_pem": "-----BEGIN PUBLIC KEY-----\nMIIBIjANBgkqhkiG9w0BAQEFAAOCAQ8AMIIBCgKCAQEAzwAGYJfWFKew4zXCBReb\nXq0Pcxr/sZJG8dRRzObqJE6pR4COM+0aeEylRpBoU+Ct+7NKAAQtuhi9u38pv4ln\nDgu1E9HvW4f00U5IUg2AFwCbs3903AuhUzWlQlXHfKx735nHpFLRwJTLoGiRr3Sw\nHpS+mglluuSw3z9VMHuyqsRQZPWyPFhCDCr/Q0plCDtHfcuSHsU7tgXKbcogpW6X\neN6Zw+oqetmFyfg6NzXr3zkE7oni7MrsfIeS3nMm6JFt48pawKQS3jEToVoFIqs9\n8OhLfa/yMiEh24UILZIN23dXGi88AZQHks+ThjZ6KXYqkvXZ1OaLge6qcWOZw8qz\nmQIDAQAB\n-----END PUBLIC KEY-----\n",
            "rsa_bits": 2048
          },
          "sensitive_attributes": [
            [
              {
                "type": "get_attr",
                "value": "private_key_pem_pkcs8"
              }
            ],
            [
              {
                "type": "get_attr",
                "value": "private_key_pem"
              }
            ],
            [
              {
                "type": "get_attr",
                "value": "private_key_openssh"
              }
            ]
          ]
        }
      ]
    }
  ],
  "check_results": null
}
